# This file is automatically @generated by Cargo.
# It is not intended for manual editing.
version = 3

[[package]]
name = "n1-errors-as-scalars"
version = "0.1.0"

[[package]]
name = "n2-errors-as-types"
version = "0.1.0"

[[package]]
name = "n3-errors-transformations"
version = "0.1.0"

[[package]]
name = "n4-errors-propagation"
version = "0.1.0"

[[package]]
name = "n5-errors-replacement"
version = "0.1.0"
